dependencies:
  axios: 0.18.1
  ws: 7.1.2
devDependencies:
  '@types/node': 12.7.9
  '@types/ws': 6.0.3
  babel-minify: 0.5.1
  tslint: 5.20.0_typescript@3.6.3
  typescript: 3.6.3
lockfileVersion: 5.1
packages:
  /@babel/code-frame/7.5.5:
    dependencies:
      '@babel/highlight': 7.5.0
    dev: true
    resolution:
      integrity: sha512-27d4lZoomVyo51VegxI20xZPuSHusqbQag/ztrBC7wegWoQ1nLREPVSKSW8byhTlzTKyNE4ifaTA6lCp7JjpFw==
  /@babel/core/7.6.2:
    dependencies:
      '@babel/code-frame': 7.5.5
      '@babel/generator': 7.6.2
      '@babel/helpers': 7.6.2
      '@babel/parser': 7.6.2
      '@babel/template': 7.6.0
      '@babel/traverse': 7.6.2
      '@babel/types': 7.6.1
      convert-source-map: 1.6.0
      debug: 4.1.1
      json5: 2.1.0
      lodash: 4.17.15
      resolve: 1.12.0
      semver: 5.7.1
      source-map: 0.5.7
    dev: true
    engines:
      node: '>=6.9.0'
    resolution:
      integrity: sha512-l8zto/fuoZIbncm+01p8zPSDZu/VuuJhAfA7d/AbzM09WR7iVhavvfNDYCNpo1VvLk6E6xgAoP9P+/EMJHuRkQ==
  /@babel/generator/7.6.2:
    dependencies:
      '@babel/types': 7.6.1
      jsesc: 2.5.2
      lodash: 4.17.15
      source-map: 0.5.7
    dev: true
    resolution:
      integrity: sha512-j8iHaIW4gGPnViaIHI7e9t/Hl8qLjERI6DcV9kEpAIDJsAOrcnXqRS7t+QbhL76pwbtqP+QCQLL0z1CyVmtjjQ==
  /@babel/helper-function-name/7.1.0:
    dependencies:
      '@babel/helper-get-function-arity': 7.0.0
      '@babel/template': 7.6.0
      '@babel/types': 7.6.1
    dev: true
    resolution:
      integrity: sha512-A95XEoCpb3TO+KZzJ4S/5uW5fNe26DjBGqf1o9ucyLyCmi1dXq/B3c8iaWTfBk3VvetUxl16e8tIrd5teOCfGw==
  /@babel/helper-get-function-arity/7.0.0:
    dependencies:
      '@babel/types': 7.6.1
    dev: true
    resolution:
      integrity: sha512-r2DbJeg4svYvt3HOS74U4eWKsUAMRH01Z1ds1zx8KNTPtpTL5JAsdFv8BNyOpVqdFhHkkRDIg5B4AsxmkjAlmQ==
  /@babel/helper-split-export-declaration/7.4.4:
    dependencies:
      '@babel/types': 7.6.1
    dev: true
    resolution:
      integrity: sha512-Ro/XkzLf3JFITkW6b+hNxzZ1n5OQ80NvIUdmHspih1XAhtN3vPTuUFT4eQnela+2MaZ5ulH+iyP513KJrxbN7Q==
  /@babel/helpers/7.6.2:
    dependencies:
      '@babel/template': 7.6.0
      '@babel/traverse': 7.6.2
      '@babel/types': 7.6.1
    dev: true
    resolution:
      integrity: sha512-3/bAUL8zZxYs1cdX2ilEE0WobqbCmKWr/889lf2SS0PpDcpEIY8pb1CCyz0pEcX3pEb+MCbks1jIokz2xLtGTA==
  /@babel/highlight/7.5.0:
    dependencies:
      chalk: 2.4.2
      esutils: 2.0.3
      js-tokens: 4.0.0
    dev: true
    resolution:
      integrity: sha512-7dV4eu9gBxoM0dAnj/BCFDW9LFU0zvTrkq0ugM7pnHEgguOEeOz1so2ZghEdzviYzQEED0r4EAgpsBChKy1TRQ==
  /@babel/parser/7.6.2:
    dev: true
    engines:
      node: '>=6.0.0'
    hasBin: true
    resolution:
      integrity: sha512-mdFqWrSPCmikBoaBYMuBulzTIKuXVPtEISFbRRVNwMWpCms/hmE2kRq0bblUHaNRKrjRlmVbx1sDHmjmRgD2Xg==
  /@babel/template/7.6.0:
    dependencies:
      '@babel/code-frame': 7.5.5
      '@babel/parser': 7.6.2
      '@babel/types': 7.6.1
    dev: true
    resolution:
      integrity: sha512-5AEH2EXD8euCk446b7edmgFdub/qfH1SN6Nii3+fyXP807QRx9Q73A2N5hNwRRslC2H9sNzaFhsPubkS4L8oNQ==
  /@babel/traverse/7.6.2:
    dependencies:
      '@babel/code-frame': 7.5.5
      '@babel/generator': 7.6.2
      '@babel/helper-function-name': 7.1.0
      '@babel/helper-split-export-declaration': 7.4.4
      '@babel/parser': 7.6.2
      '@babel/types': 7.6.1
      debug: 4.1.1
      globals: 11.12.0
      lodash: 4.17.15
    dev: true
    resolution:
      integrity: sha512-8fRE76xNwNttVEF2TwxJDGBLWthUkHWSldmfuBzVRmEDWOtu4XdINTgN7TDWzuLg4bbeIMLvfMFD9we5YcWkRQ==
  /@babel/types/7.6.1:
    dependencies:
      esutils: 2.0.3
      lodash: 4.17.15
      to-fast-properties: 2.0.0
    dev: true
    resolution:
      integrity: sha512-X7gdiuaCmA0uRjCmRtYJNAVCc/q+5xSgsfKJHqMN4iNLILX39677fJE1O40arPMh0TTtS9ItH67yre6c7k6t0g==
  /@types/node/12.7.9:
    dev: true
    resolution:
      integrity: sha512-P57oKTJ/vYivL2BCfxCC5tQjlS8qW31pbOL6qt99Yrjm95YdHgNZwjrTTjMBh+C2/y6PXIX4oz253+jUzxKKfQ==
  /@types/ws/6.0.3:
    dependencies:
      '@types/node': 12.7.9
    dev: true
    resolution:
      integrity: sha512-yBTM0P05Tx9iXGq00BbJPo37ox68R5vaGTXivs6RGh/BQ6QP5zqZDGWdAO6JbRE/iR1l80xeGAwCQS2nMV9S/w==
  /ansi-styles/3.2.1:
    dependencies:
      color-convert: 1.9.3
    dev: true
    engines:
      node: '>=4'
    resolution:
      integrity: sha512-VT0ZI6kZRdTh8YyJw3SMbYm/u+NqfsAxEpWO0Pf9sq8/e94WxxOpPKx9FR1FlyCtOVDNOQ+8ntlqFxiRc+r5qA==
  /argparse/1.0.10:
    dependencies:
      sprintf-js: 1.0.3
    dev: true
    resolution:
      integrity: sha512-o5Roy6tNG4SL/FOkCAN6RzjiakZS25RLYFrcMttJqbdd8BWrnA+fGz57iN5Pb06pvBGvl5gQ0B48dJlslXvoTg==
  /async-limiter/1.0.1:
    dev: false
    resolution:
      integrity: sha512-csOlWGAcRFJaI6m+F2WKdnMKr4HhdhFVBk0H/QbJFMCr+uO2kwohwXQPxw/9OCxp05r5ghVBFSyioixx3gfkNQ==
  /axios/0.18.1:
    dependencies:
      follow-redirects: 1.5.10
      is-buffer: 2.0.4
    dev: false
    resolution:
      integrity: sha512-0BfJq4NSfQXd+SkFdrvFbG7addhYSBA2mQwISr46pD6E5iqkWg02RAs8vyTT/j0RTnoYmeXauBuSv1qKwR179g==
  /babel-helper-evaluate-path/0.5.0:
    dev: true
    resolution:
      integrity: sha512-mUh0UhS607bGh5wUMAQfOpt2JX2ThXMtppHRdRU1kL7ZLRWIXxoV2UIV1r2cAeeNeU1M5SB5/RSUgUxrK8yOkA==
  /babel-helper-flip-expressions/0.4.3:
    dev: true
    resolution:
      integrity: sha1-NpZzahKKwYvCUlS19AoizrPB0/0=
  /babel-helper-is-nodes-equiv/0.0.1:
    dev: true
    resolution:
      integrity: sha1-NOmzALFHnd2Y7HfqC76TQt/jloQ=
  /babel-helper-is-void-0/0.4.3:
    dev: true
    resolution:
      integrity: sha1-fZwBtFYee5Xb2g9u7kj1tg5nMT4=
  /babel-helper-mark-eval-scopes/0.4.3:
    dev: true
    resolution:
      integrity: sha1-0kSjvvmESHJgP/tG4izorN9VFWI=
  /babel-helper-remove-or-void/0.4.3:
    dev: true
    resolution:
      integrity: sha1-pPA7QAd6D/6I5F0HAQ3uJB/1rmA=
  /babel-helper-to-multiple-sequence-expressions/0.5.0:
    dev: true
    resolution:
      integrity: sha512-m2CvfDW4+1qfDdsrtf4dwOslQC3yhbgyBFptncp4wvtdrDHqueW7slsYv4gArie056phvQFhT2nRcGS4bnm6mA==
  /babel-minify/0.5.1:
    dependencies:
      '@babel/core': 7.6.2
      babel-preset-minify: 0.5.1
      fs-readdir-recursive: 1.1.0
      lodash: 4.17.15
      mkdirp: 0.5.1
      util.promisify: 1.0.0
      yargs-parser: 10.1.0
    dev: true
    hasBin: true
    resolution:
      integrity: sha512-ftEYu5OCDXEqaX/eINIaekPgkCaVPJNwFHzXKKARnRLggK8g4a9dEOflLKDgRNYOwhcLVoicUchZG6FYyOpqSA==
  /babel-plugin-minify-builtins/0.5.0:
    dev: true
    resolution:
      integrity: sha512-wpqbN7Ov5hsNwGdzuzvFcjgRlzbIeVv1gMIlICbPj0xkexnfoIDe7q+AZHMkQmAE/F9R5jkrB6TLfTegImlXag==
  /babel-plugin-minify-constant-folding/0.5.0:
    dependencies:
      babel-helper-evaluate-path: 0.5.0
    dev: true
    resolution:
      integrity: sha512-Vj97CTn/lE9hR1D+jKUeHfNy+m1baNiJ1wJvoGyOBUx7F7kJqDZxr9nCHjO/Ad+irbR3HzR6jABpSSA29QsrXQ==
  /babel-plugin-minify-dead-code-elimination/0.5.1:
    dependencies:
      babel-helper-evaluate-path: 0.5.0
      babel-helper-mark-eval-scopes: 0.4.3
      babel-helper-remove-or-void: 0.4.3
      lodash: 4.17.15
    dev: true
    resolution:
      integrity: sha512-x8OJOZIrRmQBcSqxBcLbMIK8uPmTvNWPXH2bh5MDCW1latEqYiRMuUkPImKcfpo59pTUB2FT7HfcgtG8ZlR5Qg==
  /babel-plugin-minify-flip-comparisons/0.4.3:
    dependencies:
      babel-helper-is-void-0: 0.4.3
    dev: true
    resolution:
      integrity: sha1-AMqHDLjxO0XAOLPB68DyJyk8llo=
  /babel-plugin-minify-guarded-expressions/0.4.4:
    dependencies:
      babel-helper-evaluate-path: 0.5.0
      babel-helper-flip-expressions: 0.4.3
    dev: true
    resolution:
      integrity: sha512-RMv0tM72YuPPfLT9QLr3ix9nwUIq+sHT6z8Iu3sLbqldzC1Dls8DPCywzUIzkTx9Zh1hWX4q/m9BPoPed9GOfA==
  /babel-plugin-minify-infinity/0.4.3:
    dev: true
    resolution:
      integrity: sha1-37h2obCKBldjhO8/kuZTumB7Oco=
  /babel-plugin-minify-mangle-names/0.5.0:
    dependencies:
      babel-helper-mark-eval-scopes: 0.4.3
    dev: true
    resolution:
      integrity: sha512-3jdNv6hCAw6fsX1p2wBGPfWuK69sfOjfd3zjUXkbq8McbohWy23tpXfy5RnToYWggvqzuMOwlId1PhyHOfgnGw==
  /babel-plugin-minify-numeric-literals/0.4.3:
    dev: true
    resolution:
      integrity: sha1-jk/VYcefeAEob/YOjF/Z3u6TwLw=
  /babel-plugin-minify-replace/0.5.0:
    dev: true
    resolution:
      integrity: sha512-aXZiaqWDNUbyNNNpWs/8NyST+oU7QTpK7J9zFEFSA0eOmtUNMU3fczlTTTlnCxHmq/jYNFEmkkSG3DDBtW3Y4Q==
  /babel-plugin-minify-simplify/0.5.1:
    dependencies:
      babel-helper-evaluate-path: 0.5.0
      babel-helper-flip-expressions: 0.4.3
      babel-helper-is-nodes-equiv: 0.0.1
      babel-helper-to-multiple-sequence-expressions: 0.5.0
    dev: true
    resolution:
      integrity: sha512-OSYDSnoCxP2cYDMk9gxNAed6uJDiDz65zgL6h8d3tm8qXIagWGMLWhqysT6DY3Vs7Fgq7YUDcjOomhVUb+xX6A==
  /babel-plugin-minify-type-constructors/0.4.3:
    dependencies:
      babel-helper-is-void-0: 0.4.3
    dev: true
    resolution:
      integrity: sha1-G8bxW4f3qxCF1CszC3F2V6IVZQA=
  /babel-plugin-transform-inline-consecutive-adds/0.4.3:
    dev: true
    resolution:
      integrity: sha1-Mj1Ho+pjqDp6w8gRro5pQfrysNE=
  /babel-plugin-transform-member-expression-literals/6.9.4:
    dev: true
    resolution:
      integrity: sha1-NwOcmgwzE6OUlfqsL/OmtbnQOL8=
  /babel-plugin-transform-merge-sibling-variables/6.9.4:
    dev: true
    resolution:
      integrity: sha1-hbQi/DN3tEnJ0c3kQIcgNTJAHa4=
  /babel-plugin-transform-minify-booleans/6.9.4:
    dev: true
    resolution:
      integrity: sha1-rLs+VqNVXdI5KOS1gtKFFi3SsZg=
  /babel-plugin-transform-property-literals/6.9.4:
    dependencies:
      esutils: 2.0.3
    dev: true
    resolution:
      integrity: sha1-mMHSHiVXNlc/k+zlRFn2ziSYXTk=
  /babel-plugin-transform-regexp-constructors/0.4.3:
    dev: true
    resolution:
      integrity: sha1-WLd3W2OvzzMyj66aX4j71PsLSWU=
  /babel-plugin-transform-remove-console/6.9.4:
    dev: true
    resolution:
      integrity: sha1-uYA2DAZzhOJLNXpYjYB9PINSd4A=
  /babel-plugin-transform-remove-debugger/6.9.4:
    dev: true
    resolution:
      integrity: sha1-QrcnYxyXl44estGZp67IShgznvI=
  /babel-plugin-transform-remove-undefined/0.5.0:
    dependencies:
      babel-helper-evaluate-path: 0.5.0
    dev: true
    resolution:
      integrity: sha512-+M7fJYFaEE/M9CXa0/IRkDbiV3wRELzA1kKQFCJ4ifhrzLKn/9VCCgj9OFmYWwBd8IB48YdgPkHYtbYq+4vtHQ==
  /babel-plugin-transform-simplify-comparison-operators/6.9.4:
    dev: true
    resolution:
      integrity: sha1-9ir+CWyrDh9ootdT/fKDiIRxzrk=
  /babel-plugin-transform-undefined-to-void/6.9.4:
    dev: true
    resolution:
      integrity: sha1-viQcqBQEAwZ4t0hxcyK4nQyP4oA=
  /babel-preset-minify/0.5.1:
    dependencies:
      babel-plugin-minify-builtins: 0.5.0
      babel-plugin-minify-constant-folding: 0.5.0
      babel-plugin-minify-dead-code-elimination: 0.5.1
      babel-plugin-minify-flip-comparisons: 0.4.3
      babel-plugin-minify-guarded-expressions: 0.4.4
      babel-plugin-minify-infinity: 0.4.3
      babel-plugin-minify-mangle-names: 0.5.0
      babel-plugin-minify-numeric-literals: 0.4.3
      babel-plugin-minify-replace: 0.5.0
      babel-plugin-minify-simplify: 0.5.1
      babel-plugin-minify-type-constructors: 0.4.3
      babel-plugin-transform-inline-consecutive-adds: 0.4.3
      babel-plugin-transform-member-expression-literals: 6.9.4
      babel-plugin-transform-merge-sibling-variables: 6.9.4
      babel-plugin-transform-minify-booleans: 6.9.4
      babel-plugin-transform-property-literals: 6.9.4
      babel-plugin-transform-regexp-constructors: 0.4.3
      babel-plugin-transform-remove-console: 6.9.4
      babel-plugin-transform-remove-debugger: 6.9.4
      babel-plugin-transform-remove-undefined: 0.5.0
      babel-plugin-transform-simplify-comparison-operators: 6.9.4
      babel-plugin-transform-undefined-to-void: 6.9.4
      lodash: 4.17.15
    dev: true
    resolution:
      integrity: sha512-1IajDumYOAPYImkHbrKeiN5AKKP9iOmRoO2IPbIuVp0j2iuCcj0n7P260z38siKMZZ+85d3mJZdtW8IgOv+Tzg==
  /balanced-match/1.0.0:
    dev: true
    resolution:
      integrity: sha1-ibTRmasr7kneFk6gK4nORi1xt2c=
  /brace-expansion/1.1.11:
    dependencies:
      balanced-match: 1.0.0
      concat-map: 0.0.1
    dev: true
    resolution:
      integrity: sha512-iCuPHDFgrHX7H2vEI/5xpz07zSHB00TpugqhmYtVmMO6518mCuRMoOYFldEBl0g187ufozdaHgWKcYFb61qGiA==
  /builtin-modules/1.1.1:
    dev: true
    engines:
      node: '>=0.10.0'
    resolution:
      integrity: sha1-Jw8HbFpywC9bZaR9+Uxf46J4iS8=
  /camelcase/4.1.0:
    dev: true
    engines:
      node: '>=4'
    resolution:
      integrity: sha1-1UVjW+HjPFQmScaRc+Xeas+uNN0=
  /chalk/2.4.2:
    dependencies:
      ansi-styles: 3.2.1
      escape-string-regexp: 1.0.5
      supports-color: 5.5.0
    dev: true
    engines:
      node: '>=4'
    resolution:
      integrity: sha512-Mti+f9lpJNcwF4tWV8/OrTTtF1gZi+f8FqlyAdouralcFWFQWF2+NgCHShjkCb+IFBLq9buZwE1xckQU4peSuQ==
  /color-convert/1.9.3:
    dependencies:
      color-name: 1.1.3
    dev: true
    resolution:
      integrity: sha512-QfAUtd+vFdAtFQcC8CCyYt1fYWxSqAiK2cSD6zDB8N3cpsEBAvRxp9zOGg6G/SHHJYAT88/az/IuDGALsNVbGg==
  /color-name/1.1.3:
    dev: true
    resolution:
      integrity: sha1-p9BVi9icQveV3UIyj3QIMcpTvCU=
  /commander/2.20.1:
    dev: true
    resolution:
      integrity: sha512-cCuLsMhJeWQ/ZpsFTbE765kvVfoeSddc4nU3up4fV+fDBcfUXnbITJ+JzhkdjzOqhURjZgujxaioam4RM9yGUg==
  /concat-map/0.0.1:
    dev: true
    resolution:
      integrity: sha1-2Klr13/Wjfd5OnMDajug1UBdR3s=
  /convert-source-map/1.6.0:
    dependencies:
      safe-buffer: 5.1.2
    dev: true
    resolution:
      integrity: sha512-eFu7XigvxdZ1ETfbgPBohgyQ/Z++C0eEhTor0qRwBw9unw+L0/6V8wkSuGgzdThkiS5lSpdptOQPD8Ak40a+7A==
  /debug/3.1.0:
    dependencies:
      ms: 2.0.0
    dev: false
    resolution:
      integrity: sha512-OX8XqP7/1a9cqkxYw2yXss15f26NKWBpDXQd0/uK/KPqdQhxbPa994hnzjcE2VqQpDslf55723cKPUOGSmMY3g==
  /debug/4.1.1:
    dependencies:
      ms: 2.1.2
    dev: true
    resolution:
      integrity: sha512-pYAIzeRo8J6KPEaJ0VWOh5Pzkbw/RetuzehGM7QRRX5he4fPHx2rdKMB256ehJCkX+XRQm16eZLqLNS8RSZXZw==
  /define-properties/1.1.3:
    dependencies:
      object-keys: 1.1.1
    dev: true
    engines:
      node: '>= 0.4'
    resolution:
      integrity: sha512-3MqfYKj2lLzdMSf8ZIZE/V+Zuy+BgD6f164e8K2w7dgnpKArBDerGYpM46IYYcjnkdPNMjPk9A6VFB8+3SKlXQ==
  /diff/4.0.1:
    dev: true
    engines:
      node: '>=0.3.1'
    resolution:
      integrity: sha512-s2+XdvhPCOF01LRQBC8hf4vhbVmI2CGS5aZnxLJlT5FtdhPCDFq80q++zK2KlrVorVDdL5BOGZ/VfLrVtYNF+Q==
  /es-abstract/1.14.2:
    dependencies:
      es-to-primitive: 1.2.0
      function-bind: 1.1.1
      has: 1.0.3
      has-symbols: 1.0.0
      is-callable: 1.1.4
      is-regex: 1.0.4
      object-inspect: 1.6.0
      object-keys: 1.1.1
      string.prototype.trimleft: 2.1.0
      string.prototype.trimright: 2.1.0
    dev: true
    engines:
      node: '>= 0.4'
    resolution:
      integrity: sha512-DgoQmbpFNOofkjJtKwr87Ma5EW4Dc8fWhD0R+ndq7Oc456ivUfGOOP6oAZTTKl5/CcNMP+EN+e3/iUzgE0veZg==
  /es-to-primitive/1.2.0:
    dependencies:
      is-callable: 1.1.4
      is-date-object: 1.0.1
      is-symbol: 1.0.2
    dev: true
    engines:
      node: '>= 0.4'
    resolution:
      integrity: sha512-qZryBOJjV//LaxLTV6UC//WewneB3LcXOL9NP++ozKVXsIIIpm/2c13UDiD9Jp2eThsecw9m3jPqDwTyobcdbg==
  /escape-string-regexp/1.0.5:
    dev: true
    engines:
      node: '>=0.8.0'
    resolution:
      integrity: sha1-G2HAViGQqN/2rjuyzwIAyhMLhtQ=
  /esprima/4.0.1:
    dev: true
    engines:
      node: '>=4'
    hasBin: true
    resolution:
      integrity: sha512-eGuFFw7Upda+g4p+QHvnW0RyTX/SVeJBDM/gCtMARO0cLuT2HcEKnTPvhjV6aGeqrCB/sbNop0Kszm0jsaWU4A==
  /esutils/2.0.3:
    dev: true
    engines:
      node: '>=0.10.0'
    resolution:
      integrity: sha512-kVscqXk4OCp68SZ0dkgEKVi6/8ij300KBWTJq32P/dYeWTSwK41WyTxalN1eRmA5Z9UU/LX9D7FWSmV9SAYx6g==
  /follow-redirects/1.5.10:
    dependencies:
      debug: 3.1.0
    dev: false
    engines:
      node: '>=4.0'
    resolution:
      integrity: sha512-0V5l4Cizzvqt5D44aTXbFZz+FtyXV1vrDN6qrelxtfYQKW0KO0W2T/hkE8xvGa/540LkZlkaUjO4ailYTFtHVQ==
  /fs-readdir-recursive/1.1.0:
    dev: true
    resolution:
      integrity: sha512-GNanXlVr2pf02+sPN40XN8HG+ePaNcvM0q5mZBd668Obwb0yD5GiUbZOFgwn8kGMY6I3mdyDJzieUy3PTYyTRA==
  /fs.realpath/1.0.0:
    dev: true
    resolution:
      integrity: sha1-FQStJSMVjKpA20onh8sBQRmU6k8=
  /function-bind/1.1.1:
    dev: true
    resolution:
      integrity: sha512-yIovAzMX49sF8Yl58fSCWJ5svSLuaibPxXQJFLmBObTuCr0Mf1KiPopGM9NiFjiYBCbfaa2Fh6breQ6ANVTI0A==
  /glob/7.1.4:
    dependencies:
      fs.realpath: 1.0.0
      inflight: 1.0.6
      inherits: 2.0.4
      minimatch: 3.0.4
      once: 1.4.0
      path-is-absolute: 1.0.1
    dev: true
    resolution:
      integrity: sha512-hkLPepehmnKk41pUGm3sYxoFs/umurYfYJCerbXEyFIWcAzvpipAgVkBqqT9RBKMGjnq6kMuyYwha6csxbiM1A==
  /globals/11.12.0:
    dev: true
    engines:
      node: '>=4'
    resolution:
      integrity: sha512-WOBp/EEGUiIsJSp7wcv/y6MO+lV9UoncWqxuFfm8eBwzWNgyfBd6Gz+IeKQ9jCmyhoH99g15M3T+QaVHFjizVA==
  /has-flag/3.0.0:
    dev: true
    engines:
      node: '>=4'
    resolution:
      integrity: sha1-tdRU3CGZriJWmfNGfloH87lVuv0=
  /has-symbols/1.0.0:
    dev: true
    engines:
      node: '>= 0.4'
    resolution:
      integrity: sha1-uhqPGvKg/DllD1yFA2dwQSIGO0Q=
  /has/1.0.3:
    dependencies:
      function-bind: 1.1.1
    dev: true
    engines:
      node: '>= 0.4.0'
    resolution:
      integrity: sha512-f2dvO0VU6Oej7RkWJGrehjbzMAjFp5/VKPp5tTpWIV4JHHZK1/BxbFRtf/siA2SWTe09caDmVtYYzWEIbBS4zw==
  /inflight/1.0.6:
    dependencies:
      once: 1.4.0
      wrappy: 1.0.2
    dev: true
    resolution:
      integrity: sha1-Sb1jMdfQLQwJvJEKEHW6gWW1bfk=
  /inherits/2.0.4:
    dev: true
    resolution:
      integrity: sha512-k/vGaX4/Yla3WzyMCvTQOXYeIHvqOKtnqBduzTHpzpQZzAskKMhZ2K+EnBiSM9zGSoIFeMpXKxa4dYeZIQqewQ==
  /is-buffer/2.0.4:
    dev: false
    engines:
      node: '>=4'
    resolution:
      integrity: sha512-Kq1rokWXOPXWuaMAqZiJW4XxsmD9zGx9q4aePabbn3qCRGedtH7Cm+zV8WETitMfu1wdh+Rvd6w5egwSngUX2A==
  /is-callable/1.1.4:
    dev: true
    engines:
      node: '>= 0.4'
    resolution:
      integrity: sha512-r5p9sxJjYnArLjObpjA4xu5EKI3CuKHkJXMhT7kwbpUyIFD1n5PMAsoPvWnvtZiNz7LjkYDRZhd7FlI0eMijEA==
  /is-date-object/1.0.1:
    dev: true
    engines:
      node: '>= 0.4'
    resolution:
      integrity: sha1-mqIOtq7rv/d/vTPnTKAbM1gdOhY=
  /is-regex/1.0.4:
    dependencies:
      has: 1.0.3
    dev: true
    engines:
      node: '>= 0.4'
    resolution:
      integrity: sha1-VRdIm1RwkbCTDglWVM7SXul+lJE=
  /is-symbol/1.0.2:
    dependencies:
      has-symbols: 1.0.0
    dev: true
    engines:
      node: '>= 0.4'
    resolution:
      integrity: sha512-HS8bZ9ox60yCJLH9snBpIwv9pYUAkcuLhSA1oero1UB5y9aiQpRA8y2ex945AOtCZL1lJDeIk3G5LthswI46Lw==
  /js-tokens/4.0.0:
    dev: true
    resolution:
      integrity: sha512-RdJUflcE3cUzKiMqQgsCu06FPu9UdIJO0beYbPhHN4k6apgJtifcoCtT9bcxOpYBtpD2kCM6Sbzg4CausW/PKQ==
  /js-yaml/3.13.1:
    dependencies:
      argparse: 1.0.10
      esprima: 4.0.1
    dev: true
    hasBin: true
    resolution:
      integrity: sha512-YfbcO7jXDdyj0DGxYVSlSeQNHbD7XPWvrVWeVUujrQEoZzWJIRrCPoyk6kL6IAjAG2IolMK4T0hNUe0HOUs5Jw==
  /jsesc/2.5.2:
    dev: true
    engines:
      node: '>=4'
    hasBin: true
    resolution:
      integrity: sha512-OYu7XEzjkCQ3C5Ps3QIZsQfNpqoJyZZA99wd9aWd05NCtC5pWOkShK2mkL6HXQR6/Cy2lbNdPlZBpuQHXE63gA==
  /json5/2.1.0:
    dependencies:
      minimist: 1.2.0
    dev: true
    engines:
      node: '>=6'
    hasBin: true
    resolution:
      integrity: sha512-8Mh9h6xViijj36g7Dxi+Y4S6hNGV96vcJZr/SrlHh1LR/pEn/8j/+qIBbs44YKl69Lrfctp4QD+AdWLTMqEZAQ==
  /lodash/4.17.15:
    dev: true
    resolution:
      integrity: sha512-8xOcRHvCjnocdS5cpwXQXVzmmh5e5+saE2QGoeQmbKmRS6J3VQppPOIt0MnmE+4xlZoumy0GPG0D0MVIQbNA1A==
  /minimatch/3.0.4:
    dependencies:
      brace-expansion: 1.1.11
    dev: true
    resolution:
      integrity: sha512-yJHVQEhyqPLUTgt9B83PXu6W3rx4MvvHvSUvToogpwoGDOUQ+yDrR0HRot+yOCdCO7u4hX3pWft6kWBBcqh0UA==
  /minimist/0.0.8:
    dev: true
    resolution:
      integrity: sha1-hX/Kv8M5fSYluCKCYuhqp6ARsF0=
  /minimist/1.2.0:
    dev: true
    resolution:
      integrity: sha1-o1AIsg9BOD7sH7kU9M1d95omQoQ=
  /mkdirp/0.5.1:
    dependencies:
      minimist: 0.0.8
    dev: true
    hasBin: true
    resolution:
      integrity: sha1-MAV0OOrGz3+MR2fzhkjWaX11yQM=
  /ms/2.0.0:
    dev: false
    resolution:
      integrity: sha1-VgiurfwAvmwpAd9fmGF4jeDVl8g=
  /ms/2.1.2:
    dev: true
    resolution:
      integrity: sha512-sGkPx+VjMtmA6MX27oA4FBFELFCZZ4S4XqeGOXCv68tT+jb3vk/RyaKWP0PTKyWtmLSM0b+adUTEvbs1PEaH2w==
  /object-inspect/1.6.0:
    dev: true
    resolution:
      integrity: sha512-GJzfBZ6DgDAmnuaM3104jR4s1Myxr3Y3zfIyN4z3UdqN69oSRacNK8UhnobDdC+7J2AHCjGwxQubNJfE70SXXQ==
  /object-keys/1.1.1:
    dev: true
    engines:
      node: '>= 0.4'
    resolution:
      integrity: sha512-NuAESUOUMrlIXOfHKzD6bpPu3tYt3xvjNdRIQ+FeT0lNb4K8WR70CaDxhuNguS2XG+GjkyMwOzsN5ZktImfhLA==
  /object.getownpropertydescriptors/2.0.3:
    dependencies:
      define-properties: 1.1.3
      es-abstract: 1.14.2
    dev: true
    engines:
      node: '>= 0.8'
    resolution:
      integrity: sha1-h1jIRvW0B62rDyNuCYbxSwUcqhY=
  /once/1.4.0:
    dependencies:
      wrappy: 1.0.2
    dev: true
    resolution:
      integrity: sha1-WDsap3WWHUsROsF9nFC6753Xa9E=
  /path-is-absolute/1.0.1:
    dev: true
    engines:
      node: '>=0.10.0'
    resolution:
      integrity: sha1-F0uSaHNVNP+8es5r9TpanhtcX18=
  /path-parse/1.0.6:
    dev: true
    resolution:
      integrity: sha512-GSmOT2EbHrINBf9SR7CDELwlJ8AENk3Qn7OikK4nFYAu3Ote2+JYNVvkpAEQm3/TLNEJFD/xZJjzyxg3KBWOzw==
  /resolve/1.12.0:
    dependencies:
      path-parse: 1.0.6
    dev: true
    resolution:
      integrity: sha512-B/dOmuoAik5bKcD6s6nXDCjzUKnaDvdkRyAk6rsmsKLipWj4797iothd7jmmUhWTfinVMU+wc56rYKsit2Qy4w==
  /safe-buffer/5.1.2:
    dev: true
    resolution:
      integrity: sha512-Gd2UZBJDkXlY7GbJxfsE8/nvKkUEU1G38c1siN6QP6a9PT9MmHB8GnpscSmMJSoF8LOIrt8ud/wPtojys4G6+g==
  /semver/5.7.1:
    dev: true
    hasBin: true
    resolution:
      integrity: sha512-sauaDf/PZdVgrLTNYHRtpXa1iRiKcaebiKQ1BJdpQlWH2lCvexQdX55snPFyK7QzpudqbCI0qXFfOasHdyNDGQ==
  /source-map/0.5.7:
    dev: true
    engines:
      node: '>=0.10.0'
    resolution:
      integrity: sha1-igOdLRAh0i0eoUyA2OpGi6LvP8w=
  /sprintf-js/1.0.3:
    dev: true
    resolution:
      integrity: sha1-BOaSb2YolTVPPdAVIDYzuFcpfiw=
  /string.prototype.trimleft/2.1.0:
    dependencies:
      define-properties: 1.1.3
      function-bind: 1.1.1
    dev: true
    engines:
      node: '>= 0.4'
    resolution:
      integrity: sha512-FJ6b7EgdKxxbDxc79cOlok6Afd++TTs5szo+zJTUyow3ycrRfJVE2pq3vcN53XexvKZu/DJMDfeI/qMiZTrjTw==
  /string.prototype.trimright/2.1.0:
    dependencies:
      define-properties: 1.1.3
      function-bind: 1.1.1
    dev: true
    engines:
      node: '>= 0.4'
    resolution:
      integrity: sha512-fXZTSV55dNBwv16uw+hh5jkghxSnc5oHq+5K/gXgizHwAvMetdAJlHqqoFC1FSDVPYWLkAKl2cxpUT41sV7nSg==
  /supports-color/5.5.0:
    dependencies:
      has-flag: 3.0.0
    dev: true
    engines:
      node: '>=4'
    resolution:
      integrity: sha512-QjVjwdXIt408MIiAqCX4oUKsgU2EqAGzs2Ppkm4aQYbjm+ZEWEcW4SfFNTr4uMNZma0ey4f5lgLrkB0aX0QMow==
  /to-fast-properties/2.0.0:
    dev: true
    engines:
      node: '>=4'
    resolution:
      integrity: sha1-3F5pjL0HkmW8c+A3doGk5Og/YW4=
  /tslib/1.10.0:
    dev: true
    resolution:
      integrity: sha512-qOebF53frne81cf0S9B41ByenJ3/IuH8yJKngAX35CmiZySA0khhkovshKK+jGCaMnVomla7gVlIcc3EvKPbTQ==
  /tslint/5.20.0_typescript@3.6.3:
    dependencies:
      '@babel/code-frame': 7.5.5
      builtin-modules: 1.1.1
      chalk: 2.4.2
      commander: 2.20.1
      diff: 4.0.1
      glob: 7.1.4
      js-yaml: 3.13.1
      minimatch: 3.0.4
      mkdirp: 0.5.1
      resolve: 1.12.0
      semver: 5.7.1
      tslib: 1.10.0
      tsutils: 2.29.0_typescript@3.6.3
      typescript: 3.6.3
    dev: true
    engines:
      node: '>=4.8.0'
    hasBin: true
    peerDependencies:
      typescript: '>=2.3.0-dev || >=2.4.0-dev || >=2.5.0-dev || >=2.6.0-dev || >=2.7.0-dev || >=2.8.0-dev || >=2.9.0-dev || >=3.0.0-dev || >= 3.1.0-dev || >= 3.2.0-dev'
    resolution:
      integrity: sha512-2vqIvkMHbnx8acMogAERQ/IuINOq6DFqgF8/VDvhEkBqQh/x6SP0Y+OHnKth9/ZcHQSroOZwUQSN18v8KKF0/g==
  /tsutils/2.29.0_typescript@3.6.3:
    dependencies:
      tslib: 1.10.0
      typescript: 3.6.3
    dev: true
    peerDependencies:
      typescript: '>=2.1.0 || >=2.1.0-dev || >=2.2.0-dev || >=2.3.0-dev || >=2.4.0-dev || >=2.5.0-dev || >=2.6.0-dev || >=2.7.0-dev || >=2.8.0-dev || >=2.9.0-dev || >= 3.0.0-dev || >= 3.1.0-dev'
    resolution:
      integrity: sha512-g5JVHCIJwzfISaXpXE1qvNalca5Jwob6FjI4AoPlqMusJ6ftFE7IkkFoMhVLRgK+4Kx3gkzb8UZK5t5yTTvEmA==
  /typescript/3.6.3:
    dev: true
    engines:
      node: '>=4.2.0'
    hasBin: true
    resolution:
      integrity: sha512-N7bceJL1CtRQ2RiG0AQME13ksR7DiuQh/QehubYcghzv20tnh+MQnQIuJddTmsbqYj+dztchykemz0zFzlvdQw==
  /util.promisify/1.0.0:
    dependencies:
      define-properties: 1.1.3
      object.getownpropertydescriptors: 2.0.3
    dev: true
    resolution:
      integrity: sha512-i+6qA2MPhvoKLuxnJNpXAGhg7HphQOSUq2LKMZD0m15EiskXUkMvKdF4Uui0WYeCUGea+o2cw/ZuwehtfsrNkA==
  /wrappy/1.0.2:
    dev: true
    resolution:
      integrity: sha1-tSQ9jz7BqjXxNkYFvA0QNuMKtp8=
  /ws/7.1.2:
    dependencies:
      async-limiter: 1.0.1
    dev: false
    resolution:
      integrity: sha512-gftXq3XI81cJCgkUiAVixA0raD9IVmXqsylCrjRygw4+UOOGzPoxnQ6r/CnVL9i+mDncJo94tSkyrtuuQVBmrg==
  /yargs-parser/10.1.0:
    dependencies:
      camelcase: 4.1.0
    dev: true
    resolution:
      integrity: sha512-VCIyR1wJoEBZUqk5PA+oOBF6ypbwh5aNB3I50guxAL/quggdfs4TtNHQrSazFA3fYZ+tEqfs0zIGlv0c/rgjbQ==
specifiers:
  '@types/node': ^12.0.10
  '@types/ws': ^6.0.1
  axios: ^0.18.1
  babel-minify: ^0.5.0
  tslint: ^5.18.0
  typescript: ^3.5.2
  ws: ^7.0.1
